
Microsoft Visual Studio Solution File, Format Version 12.00
# Visual Studio 14
VisualStudioVersion = 14.0.25420.1
MinimumVisualStudioVersion = 10.0.40219.1
Project("{FAE04EC0-301F-11D3-BF4B-00C04F79EFBC}") = "Lab06_Symm_14110348_14110385_2013", "Lab06_Symm_14110348_14110385_2013\Lab06_Symm_14110348_14110385_2013.csproj", "{7013F91A-D824-40DB-B5D8-E52318C885B8}"
EndProject
Project("{FAE04EC0-301F-11D3-BF4B-00C04F79EFBC}") = "Lib", "Lib\Lib.csproj", "{7125BE34-D1E9-4F09-8C97-A392064679AC}"
EndProject
Global
	GlobalSection(SolutionConfigurationPlatforms) = preSolution
		Debug|Any CPU = Debug|Any CPU
		Release|Any CPU = Release|Any CPU
	EndGlobalSection
	GlobalSection(ProjectConfigurationPlatforms) = postSolution
		{7013F91A-D824-40DB-B5D8-E52318C885B8}.Debug|Any CPU.ActiveCfg = Debug|Any CPU
		{7013F91A-D824-40DB-B5D8-E52318C885B8}.Debug|Any CPU.Build.0 = Debug|Any CPU
		{7013F91A-D824-40DB-B5D8-E52318C885B8}.Release|Any CPU.ActiveCfg = Release|Any CPU
		{7013F91A-D824-40DB-B5D8-E52318C885B8}.Release|Any CPU.Build.0 = Release|Any CPU
		{7125BE34-D1E9-4F09-8C97-A392064679AC}.Debug|Any CPU.ActiveCfg = Debug|Any CPU
		{7125BE34-D1E9-4F09-8C97-A392064679AC}.Debug|Any CPU.Build.0 = Debug|Any CPU
		{7125BE34-D1E9-4F09-8C97-A392064679AC}.Release|Any CPU.ActiveCfg = Release|Any CPU
		{7125BE34-D1E9-4F09-8C97-A392064679AC}.Release|Any CPU.Build.0 = Release|Any CPU
	EndGlobalSection
	GlobalSection(SolutionProperties) = preSolution
		HideSolutionNode = FALSE
	EndGlobalSection
EndGlobal
